
Microsoft Visual Studio Solution File, Format Version 12.00
# Visual Studio Version 17
VisualStudioVersion = 17.11.35219.272
MinimumVisualStudioVersion = 10.0.40219.1
Project("{FAE04EC0-301F-11D3-BF4B-00C04F79EFBC}") = "csCY-Avenue", "csCY-Avenue.csproj", "{1159C6CD-BE64-4CFC-86A7-9648632BE231}"
EndProject
Global
	GlobalSection(SolutionConfigurationPlatforms) = preSolution
		Debug|Any CPU = Debug|Any CPU
		Release|Any CPU = Release|Any CPU
	EndGlobalSection
	GlobalSection(ProjectConfigurationPlatforms) = postSolution
		{1159C6CD-BE64-4CFC-86A7-9648632BE231}.Debug|Any CPU.ActiveCfg = Debug|Any CPU
		{1159C6CD-BE64-4CFC-86A7-9648632BE231}.Debug|Any CPU.Build.0 = Debug|Any CPU
		{1159C6CD-BE64-4CFC-86A7-9648632BE231}.Release|Any CPU.ActiveCfg = Release|Any CPU
		{1159C6CD-BE64-4CFC-86A7-9648632BE231}.Release|Any CPU.Build.0 = Release|Any CPU
	EndGlobalSection
	GlobalSection(SolutionProperties) = preSolution
		HideSolutionNode = FALSE
	EndGlobalSection
	GlobalSection(ExtensibilityGlobals) = postSolution
		SolutionGuid = {D0862919-B697-4B93-959C-5FEEBBB88B59}
	EndGlobalSection
EndGlobal
